
Microsoft Visual Studio Solution File, Format Version 12.00
# Visual Studio Version 17
VisualStudioVersion = 17.0.32112.339
MinimumVisualStudioVersion = 10.0.40219.1
Project("{FAE04EC0-301F-11D3-BF4B-00C04F79EFBC}") = "Inspections.API", "Inspections.API\Inspections.API.csproj", "{893FE1CA-A8A9-4615-A052-498DB0796DDE}"
EndProject
Global
	GlobalSection(SolutionConfigurationPlatforms) = preSolution
		Debug|Any CPU = Debug|Any CPU
		Release|Any CPU = Release|Any CPU
	EndGlobalSection
	GlobalSection(ProjectConfigurationPlatforms) = postSolution
		{893FE1CA-A8A9-4615-A052-498DB0796DDE}.Debug|Any CPU.ActiveCfg = Debug|Any CPU
		{893FE1CA-A8A9-4615-A052-498DB0796DDE}.Debug|Any CPU.Build.0 = Debug|Any CPU
		{893FE1CA-A8A9-4615-A052-498DB0796DDE}.Release|Any CPU.ActiveCfg = Release|Any CPU
		{893FE1CA-A8A9-4615-A052-498DB0796DDE}.Release|Any CPU.Build.0 = Release|Any CPU
	EndGlobalSection
	GlobalSection(SolutionProperties) = preSolution
		HideSolutionNode = FALSE
	EndGlobalSection
	GlobalSection(ExtensibilityGlobals) = postSolution
		SolutionGuid = {9829904F-A837-4BAD-9784-D68D75DA367C}
	EndGlobalSection
EndGlobal
